
Microsoft Visual Studio Solution File, Format Version 12.00
# Visual Studio Version 17
VisualStudioVersion = 17.7.34202.233
MinimumVisualStudioVersion = 10.0.40219.1
Project("{9A19103F-16F7-4668-BE54-9A1E7A4F7556}") = "Baby-NI-Aggregateor-BE", "Baby-NI-Aggregateor-BE\Baby-NI-Aggregateor-BE.csproj", "{7D2737F8-942E-4534-A8A4-4E41F8E5DA2A}"
EndProject
Project("{9A19103F-16F7-4668-BE54-9A1E7A4F7556}") = "Baby-NI-API-BE", "Baby-NI-API-BE\Baby-NI-API-BE.csproj", "{7110A2DC-574E-4027-95A4-729A8FC4C9EB}"
EndProject
Project("{9A19103F-16F7-4668-BE54-9A1E7A4F7556}") = "Baby-NI-Loader-BE", "Baby-NI-Loader-BE\Baby-NI-Loader-BE.csproj", "{961626C9-839A-4B45-B120-03B622630506}"
EndProject
Project("{9A19103F-16F7-4668-BE54-9A1E7A4F7556}") = "Baby-NI-Parser-BE", "Baby-NI-Parser-BE\Baby-NI-Parser-BE.csproj", "{A830CDAD-FEF9-4460-87BF-F38175F391EE}"
EndProject
Project("{9A19103F-16F7-4668-BE54-9A1E7A4F7556}") = "Baby-NI-Watcher-BE", "Baby-NI-Watcher-BE\Baby-NI-Watcher-BE.csproj", "{54DB0C65-9C78-4A94-B10B-7DBA52BCDA9A}"
EndProject
Global
	GlobalSection(SolutionConfigurationPlatforms) = preSolution
		Debug|Any CPU = Debug|Any CPU
		Release|Any CPU = Release|Any CPU
	EndGlobalSection
	GlobalSection(ProjectConfigurationPlatforms) = postSolution
		{7D2737F8-942E-4534-A8A4-4E41F8E5DA2A}.Debug|Any CPU.ActiveCfg = Debug|Any CPU
		{7D2737F8-942E-4534-A8A4-4E41F8E5DA2A}.Debug|Any CPU.Build.0 = Debug|Any CPU
		{7D2737F8-942E-4534-A8A4-4E41F8E5DA2A}.Release|Any CPU.ActiveCfg = Release|Any CPU
		{7D2737F8-942E-4534-A8A4-4E41F8E5DA2A}.Release|Any CPU.Build.0 = Release|Any CPU
		{7110A2DC-574E-4027-95A4-729A8FC4C9EB}.Debug|Any CPU.ActiveCfg = Debug|Any CPU
		{7110A2DC-574E-4027-95A4-729A8FC4C9EB}.Debug|Any CPU.Build.0 = Debug|Any CPU
		{7110A2DC-574E-4027-95A4-729A8FC4C9EB}.Release|Any CPU.ActiveCfg = Release|Any CPU
		{7110A2DC-574E-4027-95A4-729A8FC4C9EB}.Release|Any CPU.Build.0 = Release|Any CPU
		{961626C9-839A-4B45-B120-03B622630506}.Debug|Any CPU.ActiveCfg = Debug|Any CPU
		{961626C9-839A-4B45-B120-03B622630506}.Debug|Any CPU.Build.0 = Debug|Any CPU
		{961626C9-839A-4B45-B120-03B622630506}.Release|Any CPU.ActiveCfg = Release|Any CPU
		{961626C9-839A-4B45-B120-03B622630506}.Release|Any CPU.Build.0 = Release|Any CPU
		{A830CDAD-FEF9-4460-87BF-F38175F391EE}.Debug|Any CPU.ActiveCfg = Debug|Any CPU
		{A830CDAD-FEF9-4460-87BF-F38175F391EE}.Debug|Any CPU.Build.0 = Debug|Any CPU
		{A830CDAD-FEF9-4460-87BF-F38175F391EE}.Release|Any CPU.ActiveCfg = Release|Any CPU
		{A830CDAD-FEF9-4460-87BF-F38175F391EE}.Release|Any CPU.Build.0 = Release|Any CPU
		{54DB0C65-9C78-4A94-B10B-7DBA52BCDA9A}.Debug|Any CPU.ActiveCfg = Debug|Any CPU
		{54DB0C65-9C78-4A94-B10B-7DBA52BCDA9A}.Debug|Any CPU.Build.0 = Debug|Any CPU
		{54DB0C65-9C78-4A94-B10B-7DBA52BCDA9A}.Release|Any CPU.ActiveCfg = Release|Any CPU
		{54DB0C65-9C78-4A94-B10B-7DBA52BCDA9A}.Release|Any CPU.Build.0 = Release|Any CPU
	EndGlobalSection
	GlobalSection(SolutionProperties) = preSolution
		HideSolutionNode = FALSE
	EndGlobalSection
	GlobalSection(ExtensibilityGlobals) = postSolution
		SolutionGuid = {3F67DA54-5003-4A5E-84D9-4E83FCA37B34}
	EndGlobalSection
EndGlobal
